
Microsoft Visual Studio Solution File, Format Version 12.00
# Visual Studio Version 17
VisualStudioVersion = 17.3.32929.385
MinimumVisualStudioVersion = 10.0.40219.1
Project("{9A19103F-16F7-4668-BE54-9A1E7A4F7556}") = "Identity.API", "Identity.API\Identity.API.csproj", "{9FCF8543-1662-4422-B9CA-B09DA08AB6E7}"
EndProject
Project("{9A19103F-16F7-4668-BE54-9A1E7A4F7556}") = "UserDbContext.Domain", "UserDbContext.Domain\UserDbContext.Domain.csproj", "{8374FFCB-058D-45C8-9160-B09723720D02}"
EndProject
Project("{9A19103F-16F7-4668-BE54-9A1E7A4F7556}") = "UserDbContext.Infrastructure", "UserDbContext.Infrastructure\UserDbContext.Infrastructure.csproj", "{5922DAC6-93CF-43BD-BBFE-A78067351E76}"
EndProject
Project("{9A19103F-16F7-4668-BE54-9A1E7A4F7556}") = "JwtAuthenticationManager", "JwtAuthenticationManager\JwtAuthenticationManager.csproj", "{A85B392F-ED30-419C-894D-27CBE1EFE663}"
EndProject
Global
	GlobalSection(SolutionConfigurationPlatforms) = preSolution
		Debug|Any CPU = Debug|Any CPU
		Release|Any CPU = Release|Any CPU
	EndGlobalSection
	GlobalSection(ProjectConfigurationPlatforms) = postSolution
		{9FCF8543-1662-4422-B9CA-B09DA08AB6E7}.Debug|Any CPU.ActiveCfg = Debug|Any CPU
		{9FCF8543-1662-4422-B9CA-B09DA08AB6E7}.Debug|Any CPU.Build.0 = Debug|Any CPU
		{9FCF8543-1662-4422-B9CA-B09DA08AB6E7}.Release|Any CPU.ActiveCfg = Release|Any CPU
		{9FCF8543-1662-4422-B9CA-B09DA08AB6E7}.Release|Any CPU.Build.0 = Release|Any CPU
		{8374FFCB-058D-45C8-9160-B09723720D02}.Debug|Any CPU.ActiveCfg = Debug|Any CPU
		{8374FFCB-058D-45C8-9160-B09723720D02}.Debug|Any CPU.Build.0 = Debug|Any CPU
		{8374FFCB-058D-45C8-9160-B09723720D02}.Release|Any CPU.ActiveCfg = Release|Any CPU
		{8374FFCB-058D-45C8-9160-B09723720D02}.Release|Any CPU.Build.0 = Release|Any CPU
		{5922DAC6-93CF-43BD-BBFE-A78067351E76}.Debug|Any CPU.ActiveCfg = Debug|Any CPU
		{5922DAC6-93CF-43BD-BBFE-A78067351E76}.Debug|Any CPU.Build.0 = Debug|Any CPU
		{5922DAC6-93CF-43BD-BBFE-A78067351E76}.Release|Any CPU.ActiveCfg = Release|Any CPU
		{5922DAC6-93CF-43BD-BBFE-A78067351E76}.Release|Any CPU.Build.0 = Release|Any CPU
		{A85B392F-ED30-419C-894D-27CBE1EFE663}.Debug|Any CPU.ActiveCfg = Debug|Any CPU
		{A85B392F-ED30-419C-894D-27CBE1EFE663}.Debug|Any CPU.Build.0 = Debug|Any CPU
		{A85B392F-ED30-419C-894D-27CBE1EFE663}.Release|Any CPU.ActiveCfg = Release|Any CPU
		{A85B392F-ED30-419C-894D-27CBE1EFE663}.Release|Any CPU.Build.0 = Release|Any CPU
	EndGlobalSection
	GlobalSection(SolutionProperties) = preSolution
		HideSolutionNode = FALSE
	EndGlobalSection
	GlobalSection(ExtensibilityGlobals) = postSolution
		SolutionGuid = {B82A3E4D-082E-45D0-BED9-EF5E6F4139C2}
	EndGlobalSection
EndGlobal
